
Microsoft Visual Studio Solution File, Format Version 12.00
# Visual Studio Version 17
VisualStudioVersion = 17.9.34723.18
MinimumVisualStudioVersion = 10.0.40219.1
Project("{FAE04EC0-301F-11D3-BF4B-00C04F79EFBC}") = "AppLegalKnowledge", "AppLegalKnowledge\AppLegalKnowledge.csproj", "{2045782C-24CD-4EC6-9134-5D9652F78AC1}"
EndProject
Global
	GlobalSection(SolutionConfigurationPlatforms) = preSolution
		Debug|Any CPU = Debug|Any CPU
		Release|Any CPU = Release|Any CPU
	EndGlobalSection
	GlobalSection(ProjectConfigurationPlatforms) = postSolution
		{2045782C-24CD-4EC6-9134-5D9652F78AC1}.Debug|Any CPU.ActiveCfg = Debug|Any CPU
		{2045782C-24CD-4EC6-9134-5D9652F78AC1}.Debug|Any CPU.Build.0 = Debug|Any CPU
		{2045782C-24CD-4EC6-9134-5D9652F78AC1}.Debug|Any CPU.Deploy.0 = Debug|Any CPU
		{2045782C-24CD-4EC6-9134-5D9652F78AC1}.Release|Any CPU.ActiveCfg = Release|Any CPU
		{2045782C-24CD-4EC6-9134-5D9652F78AC1}.Release|Any CPU.Build.0 = Release|Any CPU
		{2045782C-24CD-4EC6-9134-5D9652F78AC1}.Release|Any CPU.Deploy.0 = Release|Any CPU
	EndGlobalSection
	GlobalSection(SolutionProperties) = preSolution
		HideSolutionNode = FALSE
	EndGlobalSection
	GlobalSection(ExtensibilityGlobals) = postSolution
		SolutionGuid = {6587F8AB-11EC-4CFB-BE82-93DF1B18FC9A}
	EndGlobalSection
EndGlobal
